{
    "name": "jun26",
    "version": "20.5.3",
    "lockfileVersion": 3,
    "requires": true,
    "packages": {
        "": {
            "name": "jun26",
            "version": "20.5.3",
            "license": "SEE LICENSE IN LICENSE.md",
            "dependencies": {
                "timepicker": "^1.13.18",
                "tinymce": "5.10.0"
            },
            "engines": {
                "node": ">=16"
            }
        },
        "node_modules/jquery": {
            "version": "3.7.1",
            "resolved": "https://registry.npmjs.org/jquery/-/jquery-3.7.1.tgz",
            "integrity": "sha512-m4avr8yL8kmFN8psrbFFFmB/If14iN5o9nw/NgnnM+kybDJpRsAynV2BsfpTYrTRysYUdADVD7CkUUizgkpLfg=="
        },
        "node_modules/timepicker": {
            "version": "1.14.1",
            "resolved": "https://registry.npmjs.org/timepicker/-/timepicker-1.14.1.tgz",
            "integrity": "sha512-sNy0zVRacCNQ2bo4NLAG3+AX9ARxmH5IMqwZva9rzzFMJcfKfEnGzmDG7gMYeN5gbM76bzfZbld5WiWcshAUrw==",
            "dependencies": {
                "jquery": "^3.5.1"
            }
        },
        "node_modules/tinymce": {
            "version": "5.10.0",
            "resolved": "https://registry.npmjs.org/tinymce/-/tinymce-5.10.0.tgz",
            "integrity": "sha512-SaqBK8GtTKYSsTfhKdN0+NrZRgmVWO+j3fvgzLjt0t/g0osNzRH5os8icm2Rv5HvaeTd4TpxetUuLE+R9yg/yg=="
        }
    }
}
